
Microsoft Visual Studio Solution File, Format Version 11.00
# Visual Studio 2010
Project("{8BC9CEB8-8B4A-11D0-8D11-00A0C91BC942}") = "20160916C++基础知识", "20160916C++基础知识\20160916C++基础知识.vcxproj", "{3DA13D13-41FB-45C4-B453-1D8ADECDBC36}"
EndProject
Global
	GlobalSection(SolutionConfigurationPlatforms) = preSolution
		Debug|Win32 = Debug|Win32
		Release|Win32 = Release|Win32
	EndGlobalSection
	GlobalSection(ProjectConfigurationPlatforms) = postSolution
		{3DA13D13-41FB-45C4-B453-1D8ADECDBC36}.Debug|Win32.ActiveCfg = Debug|Win32
		{3DA13D13-41FB-45C4-B453-1D8ADECDBC36}.Debug|Win32.Build.0 = Debug|Win32
		{3DA13D13-41FB-45C4-B453-1D8ADECDBC36}.Release|Win32.ActiveCfg = Release|Win32
		{3DA13D13-41FB-45C4-B453-1D8ADECDBC36}.Release|Win32.Build.0 = Release|Win32
	EndGlobalSection
	GlobalSection(SolutionProperties) = preSolution
		HideSolutionNode = FALSE
	EndGlobalSection
EndGlobal
